// !$*UTF8*$!
{
	archiveVersion = 1;
	classes = {
	};
	objectVersion = 46;
	objects = {

/* Begin PBXBuildFile section */
		490570951F1BF3E700F5B01B /* AppDelegate.swift in Sources */ = {isa = PBXBuildFile; fileRef = 490570941F1BF3E700F5B01B /* AppDelegate.swift */; };
		490570971F1BF3E700F5B01B /* ViewController.swift in Sources */ = {isa = PBXBuildFile; fileRef = 490570961F1BF3E700F5B01B /* ViewController.swift */; };
		4905709A1F1BF3E700F5B01B /* Main.storyboard in Resources */ = {isa = PBXBuildFile; fileRef = 490570981F1BF3E700F5B01B /* Main.storyboard */; };
		4905709C1F1BF3E700F5B01B /* Assets.xcassets in Resources */ = {isa = PBXBuildFile; fileRef = 4905709B1F1BF3E700F5B01B /* Assets.xcassets */; };
		4905709F1F1BF3E700F5B01B /* LaunchScreen.storyboard in Resources */ = {isa = PBXBuildFile; fileRef = 4905709D1F1BF3E700F5B01B /* LaunchScreen.storyboard */; };
		490B3BFE1F1C023E0082F17F /* UserObject.swift in Sources */ = {isa = PBXBuildFile; fileRef = 490B3BFD1F1C023E0082F17F /* UserObject.swift */; };
		490B3C001F1C0ECD0082F17F /* DateHelper.swift in Sources */ = {isa = PBXBuildFile; fileRef = 490B3BFF1F1C0ECD0082F17F /* DateHelper.swift */; };
		490B3C021F1C11060082F17F /* CreateUserVC.swift in Sources */ = {isa = PBXBuildFile; fileRef = 490B3C011F1C11060082F17F /* CreateUserVC.swift */; };
		490B3C041F1C112B0082F17F /* RewardsVC.swift in Sources */ = {isa = PBXBuildFile; fileRef = 490B3C031F1C112B0082F17F /* RewardsVC.swift */; };
		490B3C061F1C271A0082F17F /* Paradise.png in Resources */ = {isa = PBXBuildFile; fileRef = 490B3C051F1C271A0082F17F /* Paradise.png */; };
		490B3C081F1C39EB0082F17F /* GoogleService-Info.plist in Resources */ = {isa = PBXBuildFile; fileRef = 490B3C071F1C39EB0082F17F /* GoogleService-Info.plist */; };
		6252349F18C8BF234C37E717 /* Pods_Rewards.framework in Frameworks */ = {isa = PBXBuildFile; fileRef = C3B970AD90E4D51F15B5B24F /* Pods_Rewards.framework */; };
/* End PBXBuildFile section */

/* Begin PBXFileReference section */
		490570911F1BF3E700F5B01B /* Rewards.app */ = {isa = PBXFileReference; explicitFileType = wrapper.application; includeInIndex = 0; path = Rewards.app; sourceTree = BUILT_PRODUCTS_DIR; };
		490570941F1BF3E700F5B01B /* AppDelegate.swift */ = {isa = PBXFileReference; lastKnownFileType = sourcecode.swift; path = AppDelegate.swift; sourceTree = "<group>"; };
		490570961F1BF3E700F5B01B /* ViewController.swift */ = {isa = PBXFileReference; lastKnownFileType = sourcecode.swift; path = ViewController.swift; sourceTree = "<group>"; };
		490570991F1BF3E700F5B01B /* Base */ = {isa = PBXFileReference; lastKnownFileType = file.storyboard; name = Base; path = Base.lproj/Main.storyboard; sourceTree = "<group>"; };
		4905709B1F1BF3E700F5B01B /* Assets.xcassets */ = {isa = PBXFileReference; lastKnownFileType = folder.assetcatalog; path = Assets.xcassets; sourceTree = "<group>"; };
		4905709E1F1BF3E700F5B01B /* Base */ = {isa = PBXFileReference; lastKnownFileType = file.storyboard; name = Base; path = Base.lproj/LaunchScreen.storyboard; sourceTree = "<group>"; };
		490570A01F1BF3E700F5B01B /* Info.plist */ = {isa = PBXFileReference; lastKnownFileType = text.plist.xml; path = Info.plist; sourceTree = "<group>"; };
		490B3BFD1F1C023E0082F17F /* UserObject.swift */ = {isa = PBXFileReference; fileEncoding = 4; lastKnownFileType = sourcecode.swift; path = UserObject.swift; sourceTree = "<group>"; };
		490B3BFF1F1C0ECD0082F17F /* DateHelper.swift */ = {isa = PBXFileReference; fileEncoding = 4; lastKnownFileType = sourcecode.swift; path = DateHelper.swift; sourceTree = "<group>"; };
		490B3C011F1C11060082F17F /* CreateUserVC.swift */ = {isa = PBXFileReference; fileEncoding = 4; lastKnownFileType = sourcecode.swift; path = CreateUserVC.swift; sourceTree = "<group>"; };
		490B3C031F1C112B0082F17F /* RewardsVC.swift */ = {isa = PBXFileReference; fileEncoding = 4; lastKnownFileType = sourcecode.swift; path = RewardsVC.swift; sourceTree = "<group>"; };
		490B3C051F1C271A0082F17F /* Paradise.png */ = {isa = PBXFileReference; lastKnownFileType = image.png; path = Paradise.png; sourceTree = "<group>"; };
		490B3C071F1C39EB0082F17F /* GoogleService-Info.plist */ = {isa = PBXFileReference; fileEncoding = 4; lastKnownFileType = text.plist.xml; path = "GoogleService-Info.plist"; sourceTree = "<group>"; };
		7F5118B332C4A68267E50519 /* Pods-Rewards.debug.xcconfig */ = {isa = PBXFileReference; includeInIndex = 1; lastKnownFileType = text.xcconfig; name = "Pods-Rewards.debug.xcconfig"; path = "Pods/Target Support Files/Pods-Rewards/Pods-Rewards.debug.xcconfig"; sourceTree = "<group>"; };
		C3B970AD90E4D51F15B5B24F /* Pods_Rewards.framework */ = {isa = PBXFileReference; explicitFileType = wrapper.framework; includeInIndex = 0; path = Pods_Rewards.framework; sourceTree = BUILT_PRODUCTS_DIR; };
		E271CC6E149BBC26EF480ED5 /* Pods-Rewards.release.xcconfig */ = {isa = PBXFileReference; includeInIndex = 1; lastKnownFileType = text.xcconfig; name = "Pods-Rewards.release.xcconfig"; path = "Pods/Target Support Files/Pods-Rewards/Pods-Rewards.release.xcconfig"; sourceTree = "<group>"; };
/* End PBXFileReference section */

/* Begin PBXFrameworksBuildPhase section */
		4905708E1F1BF3E700F5B01B /* Frameworks */ = {
			isa = PBXFrameworksBuildPhase;
			buildActionMask = 2147483647;
			files = (
				6252349F18C8BF234C37E717 /* Pods_Rewards.framework in Frameworks */,
			);
			runOnlyForDeploymentPostprocessing = 0;
		};
/* End PBXFrameworksBuildPhase section */

/* Begin PBXGroup section */
		490570881F1BF3E700F5B01B = {
			isa = PBXGroup;
			children = (
				490570931F1BF3E700F5B01B /* Rewards */,
				490570921F1BF3E700F5B01B /* Products */,
				75FD057DE33825CEE23B6A15 /* Pods */,
				EC70E61B2647A38EEFE2F9E0 /* Frameworks */,
			);
			sourceTree = "<group>";
		};
		490570921F1BF3E700F5B01B /* Products */ = {
			isa = PBXGroup;
			children = (
				490570911F1BF3E700F5B01B /* Rewards.app */,
			);
			name = Products;
			sourceTree = "<group>";
		};
		490570931F1BF3E700F5B01B /* Rewards */ = {
			isa = PBXGroup;
			children = (
				490570941F1BF3E700F5B01B /* AppDelegate.swift */,
				490570961F1BF3E700F5B01B /* ViewController.swift */,
				490B3C031F1C112B0082F17F /* RewardsVC.swift */,
				490B3C011F1C11060082F17F /* CreateUserVC.swift */,
				490B3BFD1F1C023E0082F17F /* UserObject.swift */,
				490B3BFF1F1C0ECD0082F17F /* DateHelper.swift */,
				490570981F1BF3E700F5B01B /* Main.storyboard */,
				4905709B1F1BF3E700F5B01B /* Assets.xcassets */,
				490B3C071F1C39EB0082F17F /* GoogleService-Info.plist */,
				490B3C051F1C271A0082F17F /* Paradise.png */,
				4905709D1F1BF3E700F5B01B /* LaunchScreen.storyboard */,
				490570A01F1BF3E700F5B01B /* Info.plist */,
			);
			path = Rewards;
			sourceTree = "<group>";
		};
		75FD057DE33825CEE23B6A15 /* Pods */ = {
			isa = PBXGroup;
			children = (
				7F5118B332C4A68267E50519 /* Pods-Rewards.debug.xcconfig */,
				E271CC6E149BBC26EF480ED5 /* Pods-Rewards.release.xcconfig */,
			);
			name = Pods;
			sourceTree = "<group>";
		};
		EC70E61B2647A38EEFE2F9E0 /* Frameworks */ = {
			isa = PBXGroup;
			children = (
				C3B970AD90E4D51F15B5B24F /* Pods_Rewards.framework */,
			);
			name = Frameworks;
			sourceTree = "<group>";
		};
/* End PBXGroup section */

/* Begin PBXNativeTarget section */
		490570901F1BF3E700F5B01B /* Rewards */ = {
			isa = PBXNativeTarget;
			buildConfigurationList = 490570A31F1BF3E700F5B01B /* Build configuration list for PBXNativeTarget "Rewards" */;
			buildPhases = (
				40E035CF42C8B512CD1C4DF4 /* [CP] Check Pods Manifest.lock */,
				4905708D1F1BF3E700F5B01B /* Sources */,
				4905708E1F1BF3E700F5B01B /* Frameworks */,
				4905708F1F1BF3E700F5B01B /* Resources */,
				30C8C8408F641600B5DD5A44 /* [CP] Embed Pods Frameworks */,
				396E43F7953380FD61D47983 /* [CP] Copy Pods Resources */,
			);
			buildRules = (
			);
			dependencies = (
			);
			name = Rewards;
			productName = Rewards;
			productReference = 490570911F1BF3E700F5B01B /* Rewards.app */;
			productType = "com.apple.product-type.application";
		};
/* End PBXNativeTarget section */

/* Begin PBXProject section */
		490570891F1BF3E700F5B01B /* Project object */ = {
			isa = PBXProject;
			attributes = {
				LastSwiftUpdateCheck = 0830;
				LastUpgradeCheck = 0830;
				ORGANIZATIONNAME = "Dheeraj Kaveti";
				TargetAttributes = {
					490570901F1BF3E700F5B01B = {
						CreatedOnToolsVersion = 8.3.2;
						ProvisioningStyle = Automatic;
					};
				};
			};
			buildConfigurationList = 4905708C1F1BF3E700F5B01B /* Build configuration list for PBXProject "Rewards" */;
			compatibilityVersion = "Xcode 3.2";
			developmentRegion = English;
			hasScannedForEncodings = 0;
			knownRegions = (
				en,
				Base,
			);
			mainGroup = 490570881F1BF3E700F5B01B;
			productRefGroup = 490570921F1BF3E700F5B01B /* Products */;
			projectDirPath = "";
			projectRoot = "";
			targets = (
				490570901F1BF3E700F5B01B /* Rewards */,
			);
		};
/* End PBXProject section */

/* Begin PBXResourcesBuildPhase section */
		4905708F1F1BF3E700F5B01B /* Resources */ = {
			isa = PBXResourcesBuildPhase;
			buildActionMask = 2147483647;
			files = (
				4905709F1F1BF3E700F5B01B /* LaunchScreen.storyboard in Resources */,
				490B3C061F1C271A0082F17F /* Paradise.png in Resources */,
				490B3C081F1C39EB0082F17F /* GoogleService-Info.plist in Resources */,
				4905709C1F1BF3E700F5B01B /* Assets.xcassets in Resources */,
				4905709A1F1BF3E700F5B01B /* Main.storyboard in Resources */,
			);
			runOnlyForDeploymentPostprocessing = 0;
		};
/* End PBXResourcesBuildPhase section */

/* Begin PBXShellScriptBuildPhase section */
		30C8C8408F641600B5DD5A44 /* [CP] Embed Pods Frameworks */ = {
			isa = PBXShellScriptBuildPhase;
			buildActionMask = 2147483647;
			files = (
			);
			inputPaths = (
			);
			name = "[CP] Embed Pods Frameworks";
			outputPaths = (
			);
			runOnlyForDeploymentPostprocessing = 0;
			shellPath = /bin/sh;
			shellScript = "\"${SRCROOT}/Pods/Target Support Files/Pods-Rewards/Pods-Rewards-frameworks.sh\"\n";
			showEnvVarsInLog = 0;
		};
		396E43F7953380FD61D47983 /* [CP] Copy Pods Resources */ = {
			isa = PBXShellScriptBuildPhase;
			buildActionMask = 2147483647;
			files = (
			);
			inputPaths = (
			);
			name = "[CP] Copy Pods Resources";
			outputPaths = (
			);
			runOnlyForDeploymentPostprocessing = 0;
			shellPath = /bin/sh;
			shellScript = "\"${SRCROOT}/Pods/Target Support Files/Pods-Rewards/Pods-Rewards-resources.sh\"\n";
			showEnvVarsInLog = 0;
		};
		40E035CF42C8B512CD1C4DF4 /* [CP] Check Pods Manifest.lock */ = {
			isa = PBXShellScriptBuildPhase;
			buildActionMask = 2147483647;
			files = (
			);
			inputPaths = (
			);
			name = "[CP] Check Pods Manifest.lock";
			outputPaths = (
			);
			runOnlyForDeploymentPostprocessing = 0;
			shellPath = /bin/sh;
			shellScript = "diff \"${PODS_PODFILE_DIR_PATH}/Podfile.lock\" \"${PODS_ROOT}/Manifest.lock\" > /dev/null\nif [ $? != 0 ] ; then\n    # print error to STDERR\n    echo \"error: The sandbox is not in sync with the Podfile.lock. Run 'pod install' or update your CocoaPods installation.\" >&2\n    exit 1\nfi\n";
			showEnvVarsInLog = 0;
		};
/* End PBXShellScriptBuildPhase section */

/* Begin PBXSourcesBuildPhase section */
		4905708D1F1BF3E700F5B01B /* Sources */ = {
			isa = PBXSourcesBuildPhase;
			buildActionMask = 2147483647;
			files = (
				490570971F1BF3E700F5B01B /* ViewController.swift in Sources */,
				490B3C021F1C11060082F17F /* CreateUserVC.swift in Sources */,
				490B3C001F1C0ECD0082F17F /* DateHelper.swift in Sources */,
				490570951F1BF3E700F5B01B /* AppDelegate.swift in Sources */,
				490B3BFE1F1C023E0082F17F /* UserObject.swift in Sources */,
				490B3C041F1C112B0082F17F /* RewardsVC.swift in Sources */,
			);
			runOnlyForDeploymentPostprocessing = 0;
		};
/* End PBXSourcesBuildPhase section */

/* Begin PBXVariantGroup section */
		490570981F1BF3E700F5B01B /* Main.storyboard */ = {
			isa = PBXVariantGroup;
			children = (
				490570991F1BF3E700F5B01B /* Base */,
			);
			name = Main.storyboard;
			sourceTree = "<group>";
		};
		4905709D1F1BF3E700F5B01B /* LaunchScreen.storyboard */ = {
			isa = PBXVariantGroup;
			children = (
				4905709E1F1BF3E700F5B01B /* Base */,
			);
			name = LaunchScreen.storyboard;
			sourceTree = "<group>";
		};
/* End PBXVariantGroup section */

/* Begin XCBuildConfiguration section */
		490570A11F1BF3E700F5B01B /* Debug */ = {
			isa = XCBuildConfiguration;
			buildSettings = {
				ALWAYS_SEARCH_USER_PATHS = NO;
				CLANG_ANALYZER_NONNULL = YES;
				CLANG_ANALYZER_NUMBER_OBJECT_CONVERSION = YES_AGGRESSIVE;
				CLANG_CXX_LANGUAGE_STANDARD = "gnu++0x";
				CLANG_CXX_LIBRARY = "libc++";
				CLANG_ENABLE_MODULES = YES;
				CLANG_ENABLE_OBJC_ARC = YES;
				CLANG_WARN_BOOL_CONVERSION = YES;
				CLANG_WARN_CONSTANT_CONVERSION = YES;
				CLANG_WARN_DIRECT_OBJC_ISA_USAGE = YES_ERROR;
				CLANG_WARN_DOCUMENTATION_COMMENTS = YES;
				CLANG_WARN_EMPTY_BODY = YES;
				CLANG_WARN_ENUM_CONVERSION = YES;
				CLANG_WARN_INFINITE_RECURSION = YES;
				CLANG_WARN_INT_CONVERSION = YES;
				CLANG_WARN_OBJC_ROOT_CLASS = YES_ERROR;
				CLANG_WARN_SUSPICIOUS_MOVE = YES;
				CLANG_WARN_UNREACHABLE_CODE = YES;
				CLANG_WARN__DUPLICATE_METHOD_MATCH = YES;
				"CODE_SIGN_IDENTITY[sdk=iphoneos*]" = "iPhone Developer";
				COPY_PHASE_STRIP = NO;
				DEBUG_INFORMATION_FORMAT = dwarf;
				ENABLE_STRICT_OBJC_MSGSEND = YES;
				ENABLE_TESTABILITY = YES;
				GCC_C_LANGUAGE_STANDARD = gnu99;
				GCC_DYNAMIC_NO_PIC = NO;
				GCC_NO_COMMON_BLOCKS = YES;
				GCC_OPTIMIZATION_LEVEL = 0;
				GCC_PREPROCESSOR_DEFINITIONS = (
					"DEBUG=1",
					"$(inherited)",
				);
				GCC_WARN_64_TO_32_BIT_CONVERSION = YES;
				GCC_WARN_ABOUT_RETURN_TYPE = YES_ERROR;
				GCC_WARN_UNDECLARED_SELECTOR = YES;
				GCC_WARN_UNINITIALIZED_AUTOS = YES_AGGRESSIVE;
				GCC_WARN_UNUSED_FUNCTION = YES;
				GCC_WARN_UNUSED_VARIABLE = YES;
				IPHONEOS_DEPLOYMENT_TARGET = 10.3;
				MTL_ENABLE_DEBUG_INFO = YES;
				ONLY_ACTIVE_ARCH = YES;
				SDKROOT = iphoneos;
				SWIFT_ACTIVE_COMPILATION_CONDITIONS = DEBUG;
				SWIFT_OPTIMIZATION_LEVEL = "-Onone";
				TARGETED_DEVICE_FAMILY = "1,2";
			};
			name = Debug;
		};
		490570A21F1BF3E700F5B01B /* Release */ = {
			isa = XCBuildConfiguration;
			buildSettings = {
				ALWAYS_SEARCH_USER_PATHS = NO;
				CLANG_ANALYZER_NONNULL = YES;
				CLANG_ANALYZER_NUMBER_OBJECT_CONVERSION = YES_AGGRESSIVE;
				CLANG_CXX_LANGUAGE_STANDARD = "gnu++0x";
				CLANG_CXX_LIBRARY = "libc++";
				CLANG_ENABLE_MODULES = YES;
				CLANG_ENABLE_OBJC_ARC = YES;
				CLANG_WARN_BOOL_CONVERSION = YES;
				CLANG_WARN_CONSTANT_CONVERSION = YES;
				CLANG_WARN_DIRECT_OBJC_ISA_USAGE = YES_ERROR;
				CLANG_WARN_DOCUMENTATION_COMMENTS = YES;
				CLANG_WARN_EMPTY_BODY = YES;
				CLANG_WARN_ENUM_CONVERSION = YES;
				CLANG_WARN_INFINITE_RECURSION = YES;
				CLANG_WARN_INT_CONVERSION = YES;
				CLANG_WARN_OBJC_ROOT_CLASS = YES_ERROR;
				CLANG_WARN_SUSPICIOUS_MOVE = YES;
				CLANG_WARN_UNREACHABLE_CODE = YES;
				CLANG_WARN__DUPLICATE_METHOD_MATCH = YES;
				"CODE_SIGN_IDENTITY[sdk=iphoneos*]" = "iPhone Developer";
				COPY_PHASE_STRIP = NO;
				DEBUG_INFORMATION_FORMAT = "dwarf-with-dsym";
				ENABLE_NS_ASSERTIONS = NO;
				ENABLE_STRICT_OBJC_MSGSEND = YES;
				GCC_C_LANGUAGE_STANDARD = gnu99;
				GCC_NO_COMMON_BLOCKS = YES;
				GCC_WARN_64_TO_32_BIT_CONVERSION = YES;
				GCC_WARN_ABOUT_RETURN_TYPE = YES_ERROR;
				GCC_WARN_UNDECLARED_SELECTOR = YES;
				GCC_WARN_UNINITIALIZED_AUTOS = YES_AGGRESSIVE;
				GCC_WARN_UNUSED_FUNCTION = YES;
				GCC_WARN_UNUSED_VARIABLE = YES;
				IPHONEOS_DEPLOYMENT_TARGET = 10.3;
				MTL_ENABLE_DEBUG_INFO = NO;
				SDKROOT = iphoneos;
				SWIFT_OPTIMIZATION_LEVEL = "-Owholemodule";
				TARGETED_DEVICE_FAMILY = "1,2";
				VALIDATE_PRODUCT = YES;
			};
			name = Release;
		};
		490570A41F1BF3E700F5B01B /* Debug */ = {
			isa = XCBuildConfiguration;
			baseConfigurationReference = 7F5118B332C4A68267E50519 /* Pods-Rewards.debug.xcconfig */;
			buildSettings = {
				ASSETCATALOG_COMPILER_APPICON_NAME = AppIcon;
				INFOPLIST_FILE = Rewards/Info.plist;
				LD_RUNPATH_SEARCH_PATHS = "$(inherited) @executable_path/Frameworks";
				PRODUCT_BUNDLE_IDENTIFIER = com.paradise.Rewards;
				PRODUCT_NAME = "$(TARGET_NAME)";
				SWIFT_VERSION = 3.0;
			};
			name = Debug;
		};
		490570A51F1BF3E700F5B01B /* Release */ = {
			isa = XCBuildConfiguration;
			baseConfigurationReference = E271CC6E149BBC26EF480ED5 /* Pods-Rewards.release.xcconfig */;
			buildSettings = {
				ASSETCATALOG_COMPILER_APPICON_NAME = AppIcon;
				INFOPLIST_FILE = Rewards/Info.plist;
				LD_RUNPATH_SEARCH_PATHS = "$(inherited) @executable_path/Frameworks";
				PRODUCT_BUNDLE_IDENTIFIER = com.paradise.Rewards;
				PRODUCT_NAME = "$(TARGET_NAME)";
				SWIFT_VERSION = 3.0;
			};
			name = Release;
		};
/* End XCBuildConfiguration section */

/* Begin XCConfigurationList section */
		4905708C1F1BF3E700F5B01B /* Build configuration list for PBXProject "Rewards" */ = {
			isa = XCConfigurationList;
			buildConfigurations = (
				490570A11F1BF3E700F5B01B /* Debug */,
				490570A21F1BF3E700F5B01B /* Release */,
			);
			defaultConfigurationIsVisible = 0;
			defaultConfigurationName = Release;
		};
		490570A31F1BF3E700F5B01B /* Build configuration list for PBXNativeTarget "Rewards" */ = {
			isa = XCConfigurationList;
			buildConfigurations = (
				490570A41F1BF3E700F5B01B /* Debug */,
				490570A51F1BF3E700F5B01B /* Release */,
			);
			defaultConfigurationIsVisible = 0;
			defaultConfigurationName = Release;
		};
/* End XCConfigurationList section */
	};
	rootObject = 490570891F1BF3E700F5B01B /* Project object */;
}
